
Microsoft Visual Studio Solution File, Format Version 12.00
# Visual Studio Version 18
VisualStudioVersion = 18.0.11116.177
MinimumVisualStudioVersion = 10.0.40219.1
Project("{FAE04EC0-301F-11D3-BF4B-00C04F79EFBC}") = "TCLauncher.App", "TCLauncher\TCLauncher.App.csproj", "{AE890228-1790-4351-9445-C2BFD9BC2FFA}"
EndProject
Project("{54435603-DBB4-11D2-8724-00A0C9A8B90C}") = "TCLauncher.SetupLegacy", "TCL Setup\TCL Setup.vdproj", "{C30A91CF-8AD1-4255-94DC-2C898E341686}"
EndProject
Project("{930C7802-8A8C-48F9-8165-68863BCCD9DD}") = "TCLauncher.Setup", "TCLauncher.Setup\TCLauncher.Setup.wixproj", "{62C6394F-0A87-419C-9354-CC470C6BBA01}"
EndProject
Global
	GlobalSection(SolutionConfigurationPlatforms) = preSolution
		Debug|Any CPU = Debug|Any CPU
		Debug|ARM64 = Debug|ARM64
		Debug|x64 = Debug|x64
		Debug|x86 = Debug|x86
		Release|Any CPU = Release|Any CPU
		Release|ARM64 = Release|ARM64
		Release|x64 = Release|x64
		Release|x86 = Release|x86
		Setup.WelcomeWindow|Any CPU = Setup.WelcomeWindow|Any CPU
		Setup.WelcomeWindow|ARM64 = Setup.WelcomeWindow|ARM64
		Setup.WelcomeWindow|x64 = Setup.WelcomeWindow|x64
		Setup.WelcomeWindow|x86 = Setup.WelcomeWindow|x86
	EndGlobalSection
	GlobalSection(ProjectConfigurationPlatforms) = postSolution
		{AE890228-1790-4351-9445-C2BFD9BC2FFA}.Debug|Any CPU.ActiveCfg = Debug|Any CPU
		{AE890228-1790-4351-9445-C2BFD9BC2FFA}.Debug|Any CPU.Build.0 = Debug|Any CPU
		{AE890228-1790-4351-9445-C2BFD9BC2FFA}.Debug|ARM64.ActiveCfg = Debug|ARM64
		{AE890228-1790-4351-9445-C2BFD9BC2FFA}.Debug|ARM64.Build.0 = Debug|ARM64
		{AE890228-1790-4351-9445-C2BFD9BC2FFA}.Debug|x64.ActiveCfg = Debug|x64
		{AE890228-1790-4351-9445-C2BFD9BC2FFA}.Debug|x64.Build.0 = Debug|x64
		{AE890228-1790-4351-9445-C2BFD9BC2FFA}.Debug|x86.ActiveCfg = Debug|x86
		{AE890228-1790-4351-9445-C2BFD9BC2FFA}.Debug|x86.Build.0 = Debug|x86
		{AE890228-1790-4351-9445-C2BFD9BC2FFA}.Release|Any CPU.ActiveCfg = Release|Any CPU
		{AE890228-1790-4351-9445-C2BFD9BC2FFA}.Release|Any CPU.Build.0 = Release|Any CPU
		{AE890228-1790-4351-9445-C2BFD9BC2FFA}.Release|ARM64.ActiveCfg = Release|ARM64
		{AE890228-1790-4351-9445-C2BFD9BC2FFA}.Release|ARM64.Build.0 = Release|ARM64
		{AE890228-1790-4351-9445-C2BFD9BC2FFA}.Release|x64.ActiveCfg = Release|x64
		{AE890228-1790-4351-9445-C2BFD9BC2FFA}.Release|x64.Build.0 = Release|x64
		{AE890228-1790-4351-9445-C2BFD9BC2FFA}.Release|x86.ActiveCfg = Release|x86
		{AE890228-1790-4351-9445-C2BFD9BC2FFA}.Release|x86.Build.0 = Release|x86
		{AE890228-1790-4351-9445-C2BFD9BC2FFA}.Setup.WelcomeWindow|Any CPU.ActiveCfg = Setup.WelcomeWindow|Any CPU
		{AE890228-1790-4351-9445-C2BFD9BC2FFA}.Setup.WelcomeWindow|Any CPU.Build.0 = Setup.WelcomeWindow|Any CPU
		{AE890228-1790-4351-9445-C2BFD9BC2FFA}.Setup.WelcomeWindow|ARM64.ActiveCfg = Setup.WelcomeWindow|ARM64
		{AE890228-1790-4351-9445-C2BFD9BC2FFA}.Setup.WelcomeWindow|ARM64.Build.0 = Setup.WelcomeWindow|ARM64
		{AE890228-1790-4351-9445-C2BFD9BC2FFA}.Setup.WelcomeWindow|x64.ActiveCfg = Setup.WelcomeWindow|x64
		{AE890228-1790-4351-9445-C2BFD9BC2FFA}.Setup.WelcomeWindow|x64.Build.0 = Setup.WelcomeWindow|x64
		{AE890228-1790-4351-9445-C2BFD9BC2FFA}.Setup.WelcomeWindow|x86.ActiveCfg = Setup.WelcomeWindow|x86
		{AE890228-1790-4351-9445-C2BFD9BC2FFA}.Setup.WelcomeWindow|x86.Build.0 = Setup.WelcomeWindow|x86
		{C30A91CF-8AD1-4255-94DC-2C898E341686}.Debug|Any CPU.ActiveCfg = Debug
		{C30A91CF-8AD1-4255-94DC-2C898E341686}.Debug|Any CPU.Build.0 = Debug
		{C30A91CF-8AD1-4255-94DC-2C898E341686}.Debug|ARM64.ActiveCfg = Debug
		{C30A91CF-8AD1-4255-94DC-2C898E341686}.Debug|ARM64.Build.0 = Debug
		{C30A91CF-8AD1-4255-94DC-2C898E341686}.Debug|x64.ActiveCfg = Debug
		{C30A91CF-8AD1-4255-94DC-2C898E341686}.Debug|x64.Build.0 = Debug
		{C30A91CF-8AD1-4255-94DC-2C898E341686}.Debug|x86.ActiveCfg = Debug
		{C30A91CF-8AD1-4255-94DC-2C898E341686}.Debug|x86.Build.0 = Debug
		{C30A91CF-8AD1-4255-94DC-2C898E341686}.Release|Any CPU.ActiveCfg = Release
		{C30A91CF-8AD1-4255-94DC-2C898E341686}.Release|Any CPU.Build.0 = Release
		{C30A91CF-8AD1-4255-94DC-2C898E341686}.Release|ARM64.ActiveCfg = Release
		{C30A91CF-8AD1-4255-94DC-2C898E341686}.Release|ARM64.Build.0 = Release
		{C30A91CF-8AD1-4255-94DC-2C898E341686}.Release|x64.ActiveCfg = Release
		{C30A91CF-8AD1-4255-94DC-2C898E341686}.Release|x64.Build.0 = Release
		{C30A91CF-8AD1-4255-94DC-2C898E341686}.Release|x86.ActiveCfg = Release
		{C30A91CF-8AD1-4255-94DC-2C898E341686}.Release|x86.Build.0 = Release
		{C30A91CF-8AD1-4255-94DC-2C898E341686}.Setup.WelcomeWindow|Any CPU.ActiveCfg = Setup.WelcomeWindow
		{C30A91CF-8AD1-4255-94DC-2C898E341686}.Setup.WelcomeWindow|Any CPU.Build.0 = Setup.WelcomeWindow
		{C30A91CF-8AD1-4255-94DC-2C898E341686}.Setup.WelcomeWindow|ARM64.ActiveCfg = Setup.WelcomeWindow
		{C30A91CF-8AD1-4255-94DC-2C898E341686}.Setup.WelcomeWindow|ARM64.Build.0 = Setup.WelcomeWindow
		{C30A91CF-8AD1-4255-94DC-2C898E341686}.Setup.WelcomeWindow|x64.ActiveCfg = Setup.WelcomeWindow
		{C30A91CF-8AD1-4255-94DC-2C898E341686}.Setup.WelcomeWindow|x64.Build.0 = Setup.WelcomeWindow
		{C30A91CF-8AD1-4255-94DC-2C898E341686}.Setup.WelcomeWindow|x86.ActiveCfg = Setup.WelcomeWindow
		{C30A91CF-8AD1-4255-94DC-2C898E341686}.Setup.WelcomeWindow|x86.Build.0 = Setup.WelcomeWindow
		{62C6394F-0A87-419C-9354-CC470C6BBA01}.Debug|Any CPU.ActiveCfg = Debug|x86
		{62C6394F-0A87-419C-9354-CC470C6BBA01}.Debug|Any CPU.Build.0 = Debug|x86
		{62C6394F-0A87-419C-9354-CC470C6BBA01}.Debug|ARM64.ActiveCfg = Debug|x86
		{62C6394F-0A87-419C-9354-CC470C6BBA01}.Debug|ARM64.Build.0 = Debug|x86
		{62C6394F-0A87-419C-9354-CC470C6BBA01}.Debug|x64.ActiveCfg = Debug|x86
		{62C6394F-0A87-419C-9354-CC470C6BBA01}.Debug|x64.Build.0 = Debug|x86
		{62C6394F-0A87-419C-9354-CC470C6BBA01}.Debug|x86.ActiveCfg = Debug|x86
		{62C6394F-0A87-419C-9354-CC470C6BBA01}.Debug|x86.Build.0 = Debug|x86
		{62C6394F-0A87-419C-9354-CC470C6BBA01}.Release|Any CPU.ActiveCfg = Release|x86
		{62C6394F-0A87-419C-9354-CC470C6BBA01}.Release|Any CPU.Build.0 = Release|x86
		{62C6394F-0A87-419C-9354-CC470C6BBA01}.Release|ARM64.ActiveCfg = Release|x86
		{62C6394F-0A87-419C-9354-CC470C6BBA01}.Release|ARM64.Build.0 = Release|x86
		{62C6394F-0A87-419C-9354-CC470C6BBA01}.Release|x64.ActiveCfg = Release|x86
		{62C6394F-0A87-419C-9354-CC470C6BBA01}.Release|x64.Build.0 = Release|x86
		{62C6394F-0A87-419C-9354-CC470C6BBA01}.Release|x86.ActiveCfg = Release|x86
		{62C6394F-0A87-419C-9354-CC470C6BBA01}.Release|x86.Build.0 = Release|x86
		{62C6394F-0A87-419C-9354-CC470C6BBA01}.Setup.WelcomeWindow|Any CPU.ActiveCfg = Debug|x86
		{62C6394F-0A87-419C-9354-CC470C6BBA01}.Setup.WelcomeWindow|Any CPU.Build.0 = Debug|x86
		{62C6394F-0A87-419C-9354-CC470C6BBA01}.Setup.WelcomeWindow|ARM64.ActiveCfg = Debug|x86
		{62C6394F-0A87-419C-9354-CC470C6BBA01}.Setup.WelcomeWindow|ARM64.Build.0 = Debug|x86
		{62C6394F-0A87-419C-9354-CC470C6BBA01}.Setup.WelcomeWindow|x64.ActiveCfg = Debug|x86
		{62C6394F-0A87-419C-9354-CC470C6BBA01}.Setup.WelcomeWindow|x64.Build.0 = Debug|x86
		{62C6394F-0A87-419C-9354-CC470C6BBA01}.Setup.WelcomeWindow|x86.ActiveCfg = Debug|x86
		{62C6394F-0A87-419C-9354-CC470C6BBA01}.Setup.WelcomeWindow|x86.Build.0 = Debug|x86
	EndGlobalSection
	GlobalSection(SolutionProperties) = preSolution
		HideSolutionNode = FALSE
	EndGlobalSection
	GlobalSection(ExtensibilityGlobals) = postSolution
		SolutionGuid = {9191EE3A-B3CE-44A9-9748-1D93021AD136}
	EndGlobalSection
EndGlobal
